
Microsoft Visual Studio Solution File, Format Version 12.00
# Visual Studio Version 17
VisualStudioVersion = 17.14.36121.58 d17.14
MinimumVisualStudioVersion = 10.0.40219.1
Project("{FAE04EC0-301F-11D3-BF4B-00C04F79EFBC}") = "MauiNavigation", "MauiNavigation\MauiNavigation.csproj", "{82823407-8BDF-48AA-8D5B-765CFC64D636}"
EndProject
Global
	GlobalSection(SolutionConfigurationPlatforms) = preSolution
		Debug|Any CPU = Debug|Any CPU
		Release|Any CPU = Release|Any CPU
	EndGlobalSection
	GlobalSection(ProjectConfigurationPlatforms) = postSolution
		{82823407-8BDF-48AA-8D5B-765CFC64D636}.Debug|Any CPU.ActiveCfg = Debug|Any CPU
		{82823407-8BDF-48AA-8D5B-765CFC64D636}.Debug|Any CPU.Build.0 = Debug|Any CPU
		{82823407-8BDF-48AA-8D5B-765CFC64D636}.Release|Any CPU.ActiveCfg = Release|Any CPU
		{82823407-8BDF-48AA-8D5B-765CFC64D636}.Release|Any CPU.Build.0 = Release|Any CPU
	EndGlobalSection
	GlobalSection(SolutionProperties) = preSolution
		HideSolutionNode = FALSE
	EndGlobalSection
	GlobalSection(ExtensibilityGlobals) = postSolution
		SolutionGuid = {05CA9043-1F9D-467A-A9F2-C7E96D8A1407}
	EndGlobalSection
EndGlobal
